
Microsoft Visual Studio Solution File, Format Version 12.00
# Visual Studio Version 16
VisualStudioVersion = 16.6.30114.105
MinimumVisualStudioVersion = 10.0.40219.1
Project("{9A19103F-16F7-4668-BE54-9A1E7A4F7556}") = "R5T.T0035.Construction", "R5T.T0035.Construction\R5T.T0035.Construction.csproj", "{B08FA7E4-5CCD-42C7-8017-35BE762C1C4C}"
EndProject
Project("{9A19103F-16F7-4668-BE54-9A1E7A4F7556}") = "R5T.T0035", "R5T.T0035\R5T.T0035.csproj", "{85DBA184-99FE-4FC6-9196-F7E0739841E8}"
EndProject
Project("{9A19103F-16F7-4668-BE54-9A1E7A4F7556}") = "R5T.T0035.X001", "R5T.T0035.X001\R5T.T0035.X001.csproj", "{B27DD665-A0A3-4DBD-B990-AD75AA29B9A8}"
EndProject
Project("{9A19103F-16F7-4668-BE54-9A1E7A4F7556}") = "R5T.T0035.X002", "R5T.T0035.X002\R5T.T0035.X002.csproj", "{F3F27B27-A89C-4142-AFC0-69B5B99120B6}"
EndProject
Project("{2150E333-8FDC-42A3-9474-1A3956D46DE8}") = "_Dependencies", "_Dependencies", "{BF6FE836-39AB-46F4-8E3F-28E9A59447AC}"
EndProject
Project("{9A19103F-16F7-4668-BE54-9A1E7A4F7556}") = "R5T.Magyar", "..\..\R5T.Magyar\source\R5T.Magyar\R5T.Magyar.csproj", "{45E475A1-0882-4EFE-B127-8CF52FDF21B9}"
EndProject
Project("{9A19103F-16F7-4668-BE54-9A1E7A4F7556}") = "R5T.T0035.X003", "R5T.T0035.X003\R5T.T0035.X003.csproj", "{7C27E5FA-514E-4176-9C76-429B7B742717}"
EndProject
Project("{FAE04EC0-301F-11D3-BF4B-00C04F79EFBC}") = "R5T.T0035.T002", "R5T.T0035.T002\R5T.T0035.T002.csproj", "{65B7E493-6AE9-4702-B85B-9852A0E6F241}"
EndProject
Project("{9A19103F-16F7-4668-BE54-9A1E7A4F7556}") = "R5T.L0011.T004", "..\..\R5T.L0011\source\R5T.L0011.T004\R5T.L0011.T004.csproj", "{C05B127E-B5C7-40B5-A74A-ECC24DA4ACCD}"
EndProject
Project("{9A19103F-16F7-4668-BE54-9A1E7A4F7556}") = "R5T.L0011.X002", "..\..\R5T.L0011\source\R5T.L0011.X002\R5T.L0011.X002.csproj", "{055D3C29-3FD9-426B-8CF2-CA370B890AE8}"
EndProject
Global
	GlobalSection(SolutionConfigurationPlatforms) = preSolution
		Debug|Any CPU = Debug|Any CPU
		Debug|x64 = Debug|x64
		Debug|x86 = Debug|x86
		Release|Any CPU = Release|Any CPU
		Release|x64 = Release|x64
		Release|x86 = Release|x86
	EndGlobalSection
	GlobalSection(ProjectConfigurationPlatforms) = postSolution
		{B08FA7E4-5CCD-42C7-8017-35BE762C1C4C}.Debug|Any CPU.ActiveCfg = Debug|Any CPU
		{B08FA7E4-5CCD-42C7-8017-35BE762C1C4C}.Debug|Any CPU.Build.0 = Debug|Any CPU
		{B08FA7E4-5CCD-42C7-8017-35BE762C1C4C}.Debug|x64.ActiveCfg = Debug|Any CPU
		{B08FA7E4-5CCD-42C7-8017-35BE762C1C4C}.Debug|x64.Build.0 = Debug|Any CPU
		{B08FA7E4-5CCD-42C7-8017-35BE762C1C4C}.Debug|x86.ActiveCfg = Debug|Any CPU
		{B08FA7E4-5CCD-42C7-8017-35BE762C1C4C}.Debug|x86.Build.0 = Debug|Any CPU
		{B08FA7E4-5CCD-42C7-8017-35BE762C1C4C}.Release|Any CPU.ActiveCfg = Release|Any CPU
		{B08FA7E4-5CCD-42C7-8017-35BE762C1C4C}.Release|Any CPU.Build.0 = Release|Any CPU
		{B08FA7E4-5CCD-42C7-8017-35BE762C1C4C}.Release|x64.ActiveCfg = Release|Any CPU
		{B08FA7E4-5CCD-42C7-8017-35BE762C1C4C}.Release|x64.Build.0 = Release|Any CPU
		{B08FA7E4-5CCD-42C7-8017-35BE762C1C4C}.Release|x86.ActiveCfg = Release|Any CPU
		{B08FA7E4-5CCD-42C7-8017-35BE762C1C4C}.Release|x86.Build.0 = Release|Any CPU
		{85DBA184-99FE-4FC6-9196-F7E0739841E8}.Debug|Any CPU.ActiveCfg = Debug|Any CPU
		{85DBA184-99FE-4FC6-9196-F7E0739841E8}.Debug|Any CPU.Build.0 = Debug|Any CPU
		{85DBA184-99FE-4FC6-9196-F7E0739841E8}.Debug|x64.ActiveCfg = Debug|Any CPU
		{85DBA184-99FE-4FC6-9196-F7E0739841E8}.Debug|x64.Build.0 = Debug|Any CPU
		{85DBA184-99FE-4FC6-9196-F7E0739841E8}.Debug|x86.ActiveCfg = Debug|Any CPU
		{85DBA184-99FE-4FC6-9196-F7E0739841E8}.Debug|x86.Build.0 = Debug|Any CPU
		{85DBA184-99FE-4FC6-9196-F7E0739841E8}.Release|Any CPU.ActiveCfg = Release|Any CPU
		{85DBA184-99FE-4FC6-9196-F7E0739841E8}.Release|Any CPU.Build.0 = Release|Any CPU
		{85DBA184-99FE-4FC6-9196-F7E0739841E8}.Release|x64.ActiveCfg = Release|Any CPU
		{85DBA184-99FE-4FC6-9196-F7E0739841E8}.Release|x64.Build.0 = Release|Any CPU
		{85DBA184-99FE-4FC6-9196-F7E0739841E8}.Release|x86.ActiveCfg = Release|Any CPU
		{85DBA184-99FE-4FC6-9196-F7E0739841E8}.Release|x86.Build.0 = Release|Any CPU
		{B27DD665-A0A3-4DBD-B990-AD75AA29B9A8}.Debug|Any CPU.ActiveCfg = Debug|Any CPU
		{B27DD665-A0A3-4DBD-B990-AD75AA29B9A8}.Debug|Any CPU.Build.0 = Debug|Any CPU
		{B27DD665-A0A3-4DBD-B990-AD75AA29B9A8}.Debug|x64.ActiveCfg = Debug|Any CPU
		{B27DD665-A0A3-4DBD-B990-AD75AA29B9A8}.Debug|x64.Build.0 = Debug|Any CPU
		{B27DD665-A0A3-4DBD-B990-AD75AA29B9A8}.Debug|x86.ActiveCfg = Debug|Any CPU
		{B27DD665-A0A3-4DBD-B990-AD75AA29B9A8}.Debug|x86.Build.0 = Debug|Any CPU
		{B27DD665-A0A3-4DBD-B990-AD75AA29B9A8}.Release|Any CPU.ActiveCfg = Release|Any CPU
		{B27DD665-A0A3-4DBD-B990-AD75AA29B9A8}.Release|Any CPU.Build.0 = Release|Any CPU
		{B27DD665-A0A3-4DBD-B990-AD75AA29B9A8}.Release|x64.ActiveCfg = Release|Any CPU
		{B27DD665-A0A3-4DBD-B990-AD75AA29B9A8}.Release|x64.Build.0 = Release|Any CPU
		{B27DD665-A0A3-4DBD-B990-AD75AA29B9A8}.Release|x86.ActiveCfg = Release|Any CPU
		{B27DD665-A0A3-4DBD-B990-AD75AA29B9A8}.Release|x86.Build.0 = Release|Any CPU
		{F3F27B27-A89C-4142-AFC0-69B5B99120B6}.Debug|Any CPU.ActiveCfg = Debug|Any CPU
		{F3F27B27-A89C-4142-AFC0-69B5B99120B6}.Debug|Any CPU.Build.0 = Debug|Any CPU
		{F3F27B27-A89C-4142-AFC0-69B5B99120B6}.Debug|x64.ActiveCfg = Debug|Any CPU
		{F3F27B27-A89C-4142-AFC0-69B5B99120B6}.Debug|x64.Build.0 = Debug|Any CPU
		{F3F27B27-A89C-4142-AFC0-69B5B99120B6}.Debug|x86.ActiveCfg = Debug|Any CPU
		{F3F27B27-A89C-4142-AFC0-69B5B99120B6}.Debug|x86.Build.0 = Debug|Any CPU
		{F3F27B27-A89C-4142-AFC0-69B5B99120B6}.Release|Any CPU.ActiveCfg = Release|Any CPU
		{F3F27B27-A89C-4142-AFC0-69B5B99120B6}.Release|Any CPU.Build.0 = Release|Any CPU
		{F3F27B27-A89C-4142-AFC0-69B5B99120B6}.Release|x64.ActiveCfg = Release|Any CPU
		{F3F27B27-A89C-4142-AFC0-69B5B99120B6}.Release|x64.Build.0 = Release|Any CPU
		{F3F27B27-A89C-4142-AFC0-69B5B99120B6}.Release|x86.ActiveCfg = Release|Any CPU
		{F3F27B27-A89C-4142-AFC0-69B5B99120B6}.Release|x86.Build.0 = Release|Any CPU
		{45E475A1-0882-4EFE-B127-8CF52FDF21B9}.Debug|Any CPU.ActiveCfg = Debug|Any CPU
		{45E475A1-0882-4EFE-B127-8CF52FDF21B9}.Debug|Any CPU.Build.0 = Debug|Any CPU
		{45E475A1-0882-4EFE-B127-8CF52FDF21B9}.Debug|x64.ActiveCfg = Debug|Any CPU
		{45E475A1-0882-4EFE-B127-8CF52FDF21B9}.Debug|x64.Build.0 = Debug|Any CPU
		{45E475A1-0882-4EFE-B127-8CF52FDF21B9}.Debug|x86.ActiveCfg = Debug|Any CPU
		{45E475A1-0882-4EFE-B127-8CF52FDF21B9}.Debug|x86.Build.0 = Debug|Any CPU
		{45E475A1-0882-4EFE-B127-8CF52FDF21B9}.Release|Any CPU.ActiveCfg = Release|Any CPU
		{45E475A1-0882-4EFE-B127-8CF52FDF21B9}.Release|Any CPU.Build.0 = Release|Any CPU
		{45E475A1-0882-4EFE-B127-8CF52FDF21B9}.Release|x64.ActiveCfg = Release|Any CPU
		{45E475A1-0882-4EFE-B127-8CF52FDF21B9}.Release|x64.Build.0 = Release|Any CPU
		{45E475A1-0882-4EFE-B127-8CF52FDF21B9}.Release|x86.ActiveCfg = Release|Any CPU
		{45E475A1-0882-4EFE-B127-8CF52FDF21B9}.Release|x86.Build.0 = Release|Any CPU
		{7C27E5FA-514E-4176-9C76-429B7B742717}.Debug|Any CPU.ActiveCfg = Debug|Any CPU
		{7C27E5FA-514E-4176-9C76-429B7B742717}.Debug|Any CPU.Build.0 = Debug|Any CPU
		{7C27E5FA-514E-4176-9C76-429B7B742717}.Debug|x64.ActiveCfg = Debug|Any CPU
		{7C27E5FA-514E-4176-9C76-429B7B742717}.Debug|x64.Build.0 = Debug|Any CPU
		{7C27E5FA-514E-4176-9C76-429B7B742717}.Debug|x86.ActiveCfg = Debug|Any CPU
		{7C27E5FA-514E-4176-9C76-429B7B742717}.Debug|x86.Build.0 = Debug|Any CPU
		{7C27E5FA-514E-4176-9C76-429B7B742717}.Release|Any CPU.ActiveCfg = Release|Any CPU
		{7C27E5FA-514E-4176-9C76-429B7B742717}.Release|Any CPU.Build.0 = Release|Any CPU
		{7C27E5FA-514E-4176-9C76-429B7B742717}.Release|x64.ActiveCfg = Release|Any CPU
		{7C27E5FA-514E-4176-9C76-429B7B742717}.Release|x64.Build.0 = Release|Any CPU
		{7C27E5FA-514E-4176-9C76-429B7B742717}.Release|x86.ActiveCfg = Release|Any CPU
		{7C27E5FA-514E-4176-9C76-429B7B742717}.Release|x86.Build.0 = Release|Any CPU
		{65B7E493-6AE9-4702-B85B-9852A0E6F241}.Debug|Any CPU.ActiveCfg = Debug|Any CPU
		{65B7E493-6AE9-4702-B85B-9852A0E6F241}.Debug|Any CPU.Build.0 = Debug|Any CPU
		{65B7E493-6AE9-4702-B85B-9852A0E6F241}.Debug|x64.ActiveCfg = Debug|Any CPU
		{65B7E493-6AE9-4702-B85B-9852A0E6F241}.Debug|x64.Build.0 = Debug|Any CPU
		{65B7E493-6AE9-4702-B85B-9852A0E6F241}.Debug|x86.ActiveCfg = Debug|Any CPU
		{65B7E493-6AE9-4702-B85B-9852A0E6F241}.Debug|x86.Build.0 = Debug|Any CPU
		{65B7E493-6AE9-4702-B85B-9852A0E6F241}.Release|Any CPU.ActiveCfg = Release|Any CPU
		{65B7E493-6AE9-4702-B85B-9852A0E6F241}.Release|Any CPU.Build.0 = Release|Any CPU
		{65B7E493-6AE9-4702-B85B-9852A0E6F241}.Release|x64.ActiveCfg = Release|Any CPU
		{65B7E493-6AE9-4702-B85B-9852A0E6F241}.Release|x64.Build.0 = Release|Any CPU
		{65B7E493-6AE9-4702-B85B-9852A0E6F241}.Release|x86.ActiveCfg = Release|Any CPU
		{65B7E493-6AE9-4702-B85B-9852A0E6F241}.Release|x86.Build.0 = Release|Any CPU
		{C05B127E-B5C7-40B5-A74A-ECC24DA4ACCD}.Debug|Any CPU.ActiveCfg = Debug|Any CPU
		{C05B127E-B5C7-40B5-A74A-ECC24DA4ACCD}.Debug|Any CPU.Build.0 = Debug|Any CPU
		{C05B127E-B5C7-40B5-A74A-ECC24DA4ACCD}.Debug|x64.ActiveCfg = Debug|Any CPU
		{C05B127E-B5C7-40B5-A74A-ECC24DA4ACCD}.Debug|x64.Build.0 = Debug|Any CPU
		{C05B127E-B5C7-40B5-A74A-ECC24DA4ACCD}.Debug|x86.ActiveCfg = Debug|Any CPU
		{C05B127E-B5C7-40B5-A74A-ECC24DA4ACCD}.Debug|x86.Build.0 = Debug|Any CPU
		{C05B127E-B5C7-40B5-A74A-ECC24DA4ACCD}.Release|Any CPU.ActiveCfg = Release|Any CPU
		{C05B127E-B5C7-40B5-A74A-ECC24DA4ACCD}.Release|Any CPU.Build.0 = Release|Any CPU
		{C05B127E-B5C7-40B5-A74A-ECC24DA4ACCD}.Release|x64.ActiveCfg = Release|Any CPU
		{C05B127E-B5C7-40B5-A74A-ECC24DA4ACCD}.Release|x64.Build.0 = Release|Any CPU
		{C05B127E-B5C7-40B5-A74A-ECC24DA4ACCD}.Release|x86.ActiveCfg = Release|Any CPU
		{C05B127E-B5C7-40B5-A74A-ECC24DA4ACCD}.Release|x86.Build.0 = Release|Any CPU
		{055D3C29-3FD9-426B-8CF2-CA370B890AE8}.Debug|Any CPU.ActiveCfg = Debug|Any CPU
		{055D3C29-3FD9-426B-8CF2-CA370B890AE8}.Debug|Any CPU.Build.0 = Debug|Any CPU
		{055D3C29-3FD9-426B-8CF2-CA370B890AE8}.Debug|x64.ActiveCfg = Debug|Any CPU
		{055D3C29-3FD9-426B-8CF2-CA370B890AE8}.Debug|x64.Build.0 = Debug|Any CPU
		{055D3C29-3FD9-426B-8CF2-CA370B890AE8}.Debug|x86.ActiveCfg = Debug|Any CPU
		{055D3C29-3FD9-426B-8CF2-CA370B890AE8}.Debug|x86.Build.0 = Debug|Any CPU
		{055D3C29-3FD9-426B-8CF2-CA370B890AE8}.Release|Any CPU.ActiveCfg = Release|Any CPU
		{055D3C29-3FD9-426B-8CF2-CA370B890AE8}.Release|Any CPU.Build.0 = Release|Any CPU
		{055D3C29-3FD9-426B-8CF2-CA370B890AE8}.Release|x64.ActiveCfg = Release|Any CPU
		{055D3C29-3FD9-426B-8CF2-CA370B890AE8}.Release|x64.Build.0 = Release|Any CPU
		{055D3C29-3FD9-426B-8CF2-CA370B890AE8}.Release|x86.ActiveCfg = Release|Any CPU
		{055D3C29-3FD9-426B-8CF2-CA370B890AE8}.Release|x86.Build.0 = Release|Any CPU
	EndGlobalSection
	GlobalSection(SolutionProperties) = preSolution
		HideSolutionNode = FALSE
	EndGlobalSection
	GlobalSection(NestedProjects) = preSolution
		{45E475A1-0882-4EFE-B127-8CF52FDF21B9} = {BF6FE836-39AB-46F4-8E3F-28E9A59447AC}
		{C05B127E-B5C7-40B5-A74A-ECC24DA4ACCD} = {BF6FE836-39AB-46F4-8E3F-28E9A59447AC}
		{055D3C29-3FD9-426B-8CF2-CA370B890AE8} = {BF6FE836-39AB-46F4-8E3F-28E9A59447AC}
	EndGlobalSection
	GlobalSection(ExtensibilityGlobals) = postSolution
		SolutionGuid = {B8CC1AC9-A373-4701-96C3-FC89F32E3F31}
	EndGlobalSection
EndGlobal
