
Microsoft Visual Studio Solution File, Format Version 12.00
# Visual Studio Version 16
VisualStudioVersion = 16.0.30114.105
MinimumVisualStudioVersion = 10.0.40219.1
Project("{FAE04EC0-301F-11D3-BF4B-00C04F79EFBC}") = "R5T.T0035", "R5T.T0035\R5T.T0035.csproj", "{6AF76A79-4EF2-4F3D-BC40-26FE7477CE96}"
EndProject
Project("{FAE04EC0-301F-11D3-BF4B-00C04F79EFBC}") = "R5T.T0035.Construction", "R5T.T0035.Construction\R5T.T0035.Construction.csproj", "{D9AEBC66-CC91-4775-AA36-B85BED19068C}"
EndProject
Project("{FAE04EC0-301F-11D3-BF4B-00C04F79EFBC}") = "R5T.T0035.T002", "R5T.T0035.T002\R5T.T0035.T002.csproj", "{FB1D5C32-5E6C-4D49-B0E6-341E944F1082}"
EndProject
Project("{FAE04EC0-301F-11D3-BF4B-00C04F79EFBC}") = "R5T.T0035.X001", "R5T.T0035.X001\R5T.T0035.X001.csproj", "{735D5B20-737B-48E2-A1DD-4F157B823A83}"
EndProject
Project("{FAE04EC0-301F-11D3-BF4B-00C04F79EFBC}") = "R5T.T0035.X002", "R5T.T0035.X002\R5T.T0035.X002.csproj", "{B96491E7-6A7F-412C-B676-C96A5D767E7E}"
EndProject
Project("{FAE04EC0-301F-11D3-BF4B-00C04F79EFBC}") = "R5T.T0035.X003", "R5T.T0035.X003\R5T.T0035.X003.csproj", "{2872AE01-C269-459D-92C3-BFF526FDB86D}"
EndProject
Global
	GlobalSection(SolutionConfigurationPlatforms) = preSolution
		Debug|Any CPU = Debug|Any CPU
		Debug|x64 = Debug|x64
		Debug|x86 = Debug|x86
		Release|Any CPU = Release|Any CPU
		Release|x64 = Release|x64
		Release|x86 = Release|x86
	EndGlobalSection
	GlobalSection(SolutionProperties) = preSolution
		HideSolutionNode = FALSE
	EndGlobalSection
	GlobalSection(ProjectConfigurationPlatforms) = postSolution
		{6AF76A79-4EF2-4F3D-BC40-26FE7477CE96}.Debug|Any CPU.ActiveCfg = Debug|Any CPU
		{6AF76A79-4EF2-4F3D-BC40-26FE7477CE96}.Debug|Any CPU.Build.0 = Debug|Any CPU
		{6AF76A79-4EF2-4F3D-BC40-26FE7477CE96}.Debug|x64.ActiveCfg = Debug|Any CPU
		{6AF76A79-4EF2-4F3D-BC40-26FE7477CE96}.Debug|x64.Build.0 = Debug|Any CPU
		{6AF76A79-4EF2-4F3D-BC40-26FE7477CE96}.Debug|x86.ActiveCfg = Debug|Any CPU
		{6AF76A79-4EF2-4F3D-BC40-26FE7477CE96}.Debug|x86.Build.0 = Debug|Any CPU
		{6AF76A79-4EF2-4F3D-BC40-26FE7477CE96}.Release|Any CPU.ActiveCfg = Release|Any CPU
		{6AF76A79-4EF2-4F3D-BC40-26FE7477CE96}.Release|Any CPU.Build.0 = Release|Any CPU
		{6AF76A79-4EF2-4F3D-BC40-26FE7477CE96}.Release|x64.ActiveCfg = Release|Any CPU
		{6AF76A79-4EF2-4F3D-BC40-26FE7477CE96}.Release|x64.Build.0 = Release|Any CPU
		{6AF76A79-4EF2-4F3D-BC40-26FE7477CE96}.Release|x86.ActiveCfg = Release|Any CPU
		{6AF76A79-4EF2-4F3D-BC40-26FE7477CE96}.Release|x86.Build.0 = Release|Any CPU
		{D9AEBC66-CC91-4775-AA36-B85BED19068C}.Debug|Any CPU.ActiveCfg = Debug|Any CPU
		{D9AEBC66-CC91-4775-AA36-B85BED19068C}.Debug|Any CPU.Build.0 = Debug|Any CPU
		{D9AEBC66-CC91-4775-AA36-B85BED19068C}.Debug|x64.ActiveCfg = Debug|Any CPU
		{D9AEBC66-CC91-4775-AA36-B85BED19068C}.Debug|x64.Build.0 = Debug|Any CPU
		{D9AEBC66-CC91-4775-AA36-B85BED19068C}.Debug|x86.ActiveCfg = Debug|Any CPU
		{D9AEBC66-CC91-4775-AA36-B85BED19068C}.Debug|x86.Build.0 = Debug|Any CPU
		{D9AEBC66-CC91-4775-AA36-B85BED19068C}.Release|Any CPU.ActiveCfg = Release|Any CPU
		{D9AEBC66-CC91-4775-AA36-B85BED19068C}.Release|Any CPU.Build.0 = Release|Any CPU
		{D9AEBC66-CC91-4775-AA36-B85BED19068C}.Release|x64.ActiveCfg = Release|Any CPU
		{D9AEBC66-CC91-4775-AA36-B85BED19068C}.Release|x64.Build.0 = Release|Any CPU
		{D9AEBC66-CC91-4775-AA36-B85BED19068C}.Release|x86.ActiveCfg = Release|Any CPU
		{D9AEBC66-CC91-4775-AA36-B85BED19068C}.Release|x86.Build.0 = Release|Any CPU
		{FB1D5C32-5E6C-4D49-B0E6-341E944F1082}.Debug|Any CPU.ActiveCfg = Debug|Any CPU
		{FB1D5C32-5E6C-4D49-B0E6-341E944F1082}.Debug|Any CPU.Build.0 = Debug|Any CPU
		{FB1D5C32-5E6C-4D49-B0E6-341E944F1082}.Debug|x64.ActiveCfg = Debug|Any CPU
		{FB1D5C32-5E6C-4D49-B0E6-341E944F1082}.Debug|x64.Build.0 = Debug|Any CPU
		{FB1D5C32-5E6C-4D49-B0E6-341E944F1082}.Debug|x86.ActiveCfg = Debug|Any CPU
		{FB1D5C32-5E6C-4D49-B0E6-341E944F1082}.Debug|x86.Build.0 = Debug|Any CPU
		{FB1D5C32-5E6C-4D49-B0E6-341E944F1082}.Release|Any CPU.ActiveCfg = Release|Any CPU
		{FB1D5C32-5E6C-4D49-B0E6-341E944F1082}.Release|Any CPU.Build.0 = Release|Any CPU
		{FB1D5C32-5E6C-4D49-B0E6-341E944F1082}.Release|x64.ActiveCfg = Release|Any CPU
		{FB1D5C32-5E6C-4D49-B0E6-341E944F1082}.Release|x64.Build.0 = Release|Any CPU
		{FB1D5C32-5E6C-4D49-B0E6-341E944F1082}.Release|x86.ActiveCfg = Release|Any CPU
		{FB1D5C32-5E6C-4D49-B0E6-341E944F1082}.Release|x86.Build.0 = Release|Any CPU
		{735D5B20-737B-48E2-A1DD-4F157B823A83}.Debug|Any CPU.ActiveCfg = Debug|Any CPU
		{735D5B20-737B-48E2-A1DD-4F157B823A83}.Debug|Any CPU.Build.0 = Debug|Any CPU
		{735D5B20-737B-48E2-A1DD-4F157B823A83}.Debug|x64.ActiveCfg = Debug|Any CPU
		{735D5B20-737B-48E2-A1DD-4F157B823A83}.Debug|x64.Build.0 = Debug|Any CPU
		{735D5B20-737B-48E2-A1DD-4F157B823A83}.Debug|x86.ActiveCfg = Debug|Any CPU
		{735D5B20-737B-48E2-A1DD-4F157B823A83}.Debug|x86.Build.0 = Debug|Any CPU
		{735D5B20-737B-48E2-A1DD-4F157B823A83}.Release|Any CPU.ActiveCfg = Release|Any CPU
		{735D5B20-737B-48E2-A1DD-4F157B823A83}.Release|Any CPU.Build.0 = Release|Any CPU
		{735D5B20-737B-48E2-A1DD-4F157B823A83}.Release|x64.ActiveCfg = Release|Any CPU
		{735D5B20-737B-48E2-A1DD-4F157B823A83}.Release|x64.Build.0 = Release|Any CPU
		{735D5B20-737B-48E2-A1DD-4F157B823A83}.Release|x86.ActiveCfg = Release|Any CPU
		{735D5B20-737B-48E2-A1DD-4F157B823A83}.Release|x86.Build.0 = Release|Any CPU
		{B96491E7-6A7F-412C-B676-C96A5D767E7E}.Debug|Any CPU.ActiveCfg = Debug|Any CPU
		{B96491E7-6A7F-412C-B676-C96A5D767E7E}.Debug|Any CPU.Build.0 = Debug|Any CPU
		{B96491E7-6A7F-412C-B676-C96A5D767E7E}.Debug|x64.ActiveCfg = Debug|Any CPU
		{B96491E7-6A7F-412C-B676-C96A5D767E7E}.Debug|x64.Build.0 = Debug|Any CPU
		{B96491E7-6A7F-412C-B676-C96A5D767E7E}.Debug|x86.ActiveCfg = Debug|Any CPU
		{B96491E7-6A7F-412C-B676-C96A5D767E7E}.Debug|x86.Build.0 = Debug|Any CPU
		{B96491E7-6A7F-412C-B676-C96A5D767E7E}.Release|Any CPU.ActiveCfg = Release|Any CPU
		{B96491E7-6A7F-412C-B676-C96A5D767E7E}.Release|Any CPU.Build.0 = Release|Any CPU
		{B96491E7-6A7F-412C-B676-C96A5D767E7E}.Release|x64.ActiveCfg = Release|Any CPU
		{B96491E7-6A7F-412C-B676-C96A5D767E7E}.Release|x64.Build.0 = Release|Any CPU
		{B96491E7-6A7F-412C-B676-C96A5D767E7E}.Release|x86.ActiveCfg = Release|Any CPU
		{B96491E7-6A7F-412C-B676-C96A5D767E7E}.Release|x86.Build.0 = Release|Any CPU
		{2872AE01-C269-459D-92C3-BFF526FDB86D}.Debug|Any CPU.ActiveCfg = Debug|Any CPU
		{2872AE01-C269-459D-92C3-BFF526FDB86D}.Debug|Any CPU.Build.0 = Debug|Any CPU
		{2872AE01-C269-459D-92C3-BFF526FDB86D}.Debug|x64.ActiveCfg = Debug|Any CPU
		{2872AE01-C269-459D-92C3-BFF526FDB86D}.Debug|x64.Build.0 = Debug|Any CPU
		{2872AE01-C269-459D-92C3-BFF526FDB86D}.Debug|x86.ActiveCfg = Debug|Any CPU
		{2872AE01-C269-459D-92C3-BFF526FDB86D}.Debug|x86.Build.0 = Debug|Any CPU
		{2872AE01-C269-459D-92C3-BFF526FDB86D}.Release|Any CPU.ActiveCfg = Release|Any CPU
		{2872AE01-C269-459D-92C3-BFF526FDB86D}.Release|Any CPU.Build.0 = Release|Any CPU
		{2872AE01-C269-459D-92C3-BFF526FDB86D}.Release|x64.ActiveCfg = Release|Any CPU
		{2872AE01-C269-459D-92C3-BFF526FDB86D}.Release|x64.Build.0 = Release|Any CPU
		{2872AE01-C269-459D-92C3-BFF526FDB86D}.Release|x86.ActiveCfg = Release|Any CPU
		{2872AE01-C269-459D-92C3-BFF526FDB86D}.Release|x86.Build.0 = Release|Any CPU
	EndGlobalSection
EndGlobal
